
Microsoft Visual Studio Solution File, Format Version 12.00
# Visual Studio Version 16
VisualStudioVersion = 16.0.30114.105
MinimumVisualStudioVersion = 10.0.40219.1
Project("{FAE04EC0-301F-11D3-BF4B-00C04F79EFBC}") = "Penguin.Cms.Modules.Testing.Local", "Penguin.Cms.Modules.Testing.Local.csproj", "{1DDF3E03-1D5A-41ED-A208-5F965E28CCDC}"
EndProject
Project("{FAE04EC0-301F-11D3-BF4B-00C04F79EFBC}") = "Penguin.Testing.Local", "..\Penguin.Testing\Penguin.Testing.Local.csproj", "{BE78BC5A-7934-4B0F-B691-5062F66B9920}"
EndProject
Project("{FAE04EC0-301F-11D3-BF4B-00C04F79EFBC}") = "Penguin.Reflection.Local", "..\Penguin.Reflection\Penguin.Reflection.Local.csproj", "{BEC117DA-6C77-4D83-BB1D-08A0CBFEE81F}"
EndProject
Project("{FAE04EC0-301F-11D3-BF4B-00C04F79EFBC}") = "Penguin.Reflection.Abstractions.Local", "..\Penguin.Reflection.Abstractions\Penguin.Reflection.Abstractions.Local.csproj", "{4EC134BC-1E88-461E-99C9-40C43068AAF7}"
EndProject
Project("{FAE04EC0-301F-11D3-BF4B-00C04F79EFBC}") = "Penguin.Debugging.Local", "..\Penguin.Debugging\Penguin.Debugging.Local.csproj", "{A9DE0A7C-66B5-408F-9C24-2AAD79B9A7F7}"
EndProject
Project("{FAE04EC0-301F-11D3-BF4B-00C04F79EFBC}") = "Penguin.Extensions.Exceptions.Local", "..\Penguin.Extensions.Exceptions\Penguin.Extensions.Exceptions.Local.csproj", "{C9E30888-2D7F-45E2-995C-0DDA046590FF}"
EndProject
Global
	GlobalSection(SolutionConfigurationPlatforms) = preSolution
		Debug|Any CPU = Debug|Any CPU
		Debug|x64 = Debug|x64
		Debug|x86 = Debug|x86
		Release|Any CPU = Release|Any CPU
		Release|x64 = Release|x64
		Release|x86 = Release|x86
	EndGlobalSection
	GlobalSection(SolutionProperties) = preSolution
		HideSolutionNode = FALSE
	EndGlobalSection
	GlobalSection(ProjectConfigurationPlatforms) = postSolution
		{1DDF3E03-1D5A-41ED-A208-5F965E28CCDC}.Debug|Any CPU.ActiveCfg = Debug|Any CPU
		{1DDF3E03-1D5A-41ED-A208-5F965E28CCDC}.Debug|Any CPU.Build.0 = Debug|Any CPU
		{1DDF3E03-1D5A-41ED-A208-5F965E28CCDC}.Debug|x64.ActiveCfg = Debug|Any CPU
		{1DDF3E03-1D5A-41ED-A208-5F965E28CCDC}.Debug|x64.Build.0 = Debug|Any CPU
		{1DDF3E03-1D5A-41ED-A208-5F965E28CCDC}.Debug|x86.ActiveCfg = Debug|Any CPU
		{1DDF3E03-1D5A-41ED-A208-5F965E28CCDC}.Debug|x86.Build.0 = Debug|Any CPU
		{1DDF3E03-1D5A-41ED-A208-5F965E28CCDC}.Release|Any CPU.ActiveCfg = Release|Any CPU
		{1DDF3E03-1D5A-41ED-A208-5F965E28CCDC}.Release|Any CPU.Build.0 = Release|Any CPU
		{1DDF3E03-1D5A-41ED-A208-5F965E28CCDC}.Release|x64.ActiveCfg = Release|Any CPU
		{1DDF3E03-1D5A-41ED-A208-5F965E28CCDC}.Release|x64.Build.0 = Release|Any CPU
		{1DDF3E03-1D5A-41ED-A208-5F965E28CCDC}.Release|x86.ActiveCfg = Release|Any CPU
		{1DDF3E03-1D5A-41ED-A208-5F965E28CCDC}.Release|x86.Build.0 = Release|Any CPU
		{BE78BC5A-7934-4B0F-B691-5062F66B9920}.Debug|Any CPU.ActiveCfg = Debug|Any CPU
		{BE78BC5A-7934-4B0F-B691-5062F66B9920}.Debug|Any CPU.Build.0 = Debug|Any CPU
		{BE78BC5A-7934-4B0F-B691-5062F66B9920}.Debug|x64.ActiveCfg = Debug|Any CPU
		{BE78BC5A-7934-4B0F-B691-5062F66B9920}.Debug|x64.Build.0 = Debug|Any CPU
		{BE78BC5A-7934-4B0F-B691-5062F66B9920}.Debug|x86.ActiveCfg = Debug|Any CPU
		{BE78BC5A-7934-4B0F-B691-5062F66B9920}.Debug|x86.Build.0 = Debug|Any CPU
		{BE78BC5A-7934-4B0F-B691-5062F66B9920}.Release|Any CPU.ActiveCfg = Release|Any CPU
		{BE78BC5A-7934-4B0F-B691-5062F66B9920}.Release|Any CPU.Build.0 = Release|Any CPU
		{BE78BC5A-7934-4B0F-B691-5062F66B9920}.Release|x64.ActiveCfg = Release|Any CPU
		{BE78BC5A-7934-4B0F-B691-5062F66B9920}.Release|x64.Build.0 = Release|Any CPU
		{BE78BC5A-7934-4B0F-B691-5062F66B9920}.Release|x86.ActiveCfg = Release|Any CPU
		{BE78BC5A-7934-4B0F-B691-5062F66B9920}.Release|x86.Build.0 = Release|Any CPU
		{BEC117DA-6C77-4D83-BB1D-08A0CBFEE81F}.Debug|Any CPU.ActiveCfg = Debug|Any CPU
		{BEC117DA-6C77-4D83-BB1D-08A0CBFEE81F}.Debug|Any CPU.Build.0 = Debug|Any CPU
		{BEC117DA-6C77-4D83-BB1D-08A0CBFEE81F}.Debug|x64.ActiveCfg = Debug|Any CPU
		{BEC117DA-6C77-4D83-BB1D-08A0CBFEE81F}.Debug|x64.Build.0 = Debug|Any CPU
		{BEC117DA-6C77-4D83-BB1D-08A0CBFEE81F}.Debug|x86.ActiveCfg = Debug|Any CPU
		{BEC117DA-6C77-4D83-BB1D-08A0CBFEE81F}.Debug|x86.Build.0 = Debug|Any CPU
		{BEC117DA-6C77-4D83-BB1D-08A0CBFEE81F}.Release|Any CPU.ActiveCfg = Release|Any CPU
		{BEC117DA-6C77-4D83-BB1D-08A0CBFEE81F}.Release|Any CPU.Build.0 = Release|Any CPU
		{BEC117DA-6C77-4D83-BB1D-08A0CBFEE81F}.Release|x64.ActiveCfg = Release|Any CPU
		{BEC117DA-6C77-4D83-BB1D-08A0CBFEE81F}.Release|x64.Build.0 = Release|Any CPU
		{BEC117DA-6C77-4D83-BB1D-08A0CBFEE81F}.Release|x86.ActiveCfg = Release|Any CPU
		{BEC117DA-6C77-4D83-BB1D-08A0CBFEE81F}.Release|x86.Build.0 = Release|Any CPU
		{4EC134BC-1E88-461E-99C9-40C43068AAF7}.Debug|Any CPU.ActiveCfg = Debug|Any CPU
		{4EC134BC-1E88-461E-99C9-40C43068AAF7}.Debug|Any CPU.Build.0 = Debug|Any CPU
		{4EC134BC-1E88-461E-99C9-40C43068AAF7}.Debug|x64.ActiveCfg = Debug|Any CPU
		{4EC134BC-1E88-461E-99C9-40C43068AAF7}.Debug|x64.Build.0 = Debug|Any CPU
		{4EC134BC-1E88-461E-99C9-40C43068AAF7}.Debug|x86.ActiveCfg = Debug|Any CPU
		{4EC134BC-1E88-461E-99C9-40C43068AAF7}.Debug|x86.Build.0 = Debug|Any CPU
		{4EC134BC-1E88-461E-99C9-40C43068AAF7}.Release|Any CPU.ActiveCfg = Release|Any CPU
		{4EC134BC-1E88-461E-99C9-40C43068AAF7}.Release|Any CPU.Build.0 = Release|Any CPU
		{4EC134BC-1E88-461E-99C9-40C43068AAF7}.Release|x64.ActiveCfg = Release|Any CPU
		{4EC134BC-1E88-461E-99C9-40C43068AAF7}.Release|x64.Build.0 = Release|Any CPU
		{4EC134BC-1E88-461E-99C9-40C43068AAF7}.Release|x86.ActiveCfg = Release|Any CPU
		{4EC134BC-1E88-461E-99C9-40C43068AAF7}.Release|x86.Build.0 = Release|Any CPU
		{A9DE0A7C-66B5-408F-9C24-2AAD79B9A7F7}.Debug|Any CPU.ActiveCfg = Debug|Any CPU
		{A9DE0A7C-66B5-408F-9C24-2AAD79B9A7F7}.Debug|Any CPU.Build.0 = Debug|Any CPU
		{A9DE0A7C-66B5-408F-9C24-2AAD79B9A7F7}.Debug|x64.ActiveCfg = Debug|Any CPU
		{A9DE0A7C-66B5-408F-9C24-2AAD79B9A7F7}.Debug|x64.Build.0 = Debug|Any CPU
		{A9DE0A7C-66B5-408F-9C24-2AAD79B9A7F7}.Debug|x86.ActiveCfg = Debug|Any CPU
		{A9DE0A7C-66B5-408F-9C24-2AAD79B9A7F7}.Debug|x86.Build.0 = Debug|Any CPU
		{A9DE0A7C-66B5-408F-9C24-2AAD79B9A7F7}.Release|Any CPU.ActiveCfg = Release|Any CPU
		{A9DE0A7C-66B5-408F-9C24-2AAD79B9A7F7}.Release|Any CPU.Build.0 = Release|Any CPU
		{A9DE0A7C-66B5-408F-9C24-2AAD79B9A7F7}.Release|x64.ActiveCfg = Release|Any CPU
		{A9DE0A7C-66B5-408F-9C24-2AAD79B9A7F7}.Release|x64.Build.0 = Release|Any CPU
		{A9DE0A7C-66B5-408F-9C24-2AAD79B9A7F7}.Release|x86.ActiveCfg = Release|Any CPU
		{A9DE0A7C-66B5-408F-9C24-2AAD79B9A7F7}.Release|x86.Build.0 = Release|Any CPU
		{C9E30888-2D7F-45E2-995C-0DDA046590FF}.Debug|Any CPU.ActiveCfg = Debug|Any CPU
		{C9E30888-2D7F-45E2-995C-0DDA046590FF}.Debug|Any CPU.Build.0 = Debug|Any CPU
		{C9E30888-2D7F-45E2-995C-0DDA046590FF}.Debug|x64.ActiveCfg = Debug|Any CPU
		{C9E30888-2D7F-45E2-995C-0DDA046590FF}.Debug|x64.Build.0 = Debug|Any CPU
		{C9E30888-2D7F-45E2-995C-0DDA046590FF}.Debug|x86.ActiveCfg = Debug|Any CPU
		{C9E30888-2D7F-45E2-995C-0DDA046590FF}.Debug|x86.Build.0 = Debug|Any CPU
		{C9E30888-2D7F-45E2-995C-0DDA046590FF}.Release|Any CPU.ActiveCfg = Release|Any CPU
		{C9E30888-2D7F-45E2-995C-0DDA046590FF}.Release|Any CPU.Build.0 = Release|Any CPU
		{C9E30888-2D7F-45E2-995C-0DDA046590FF}.Release|x64.ActiveCfg = Release|Any CPU
		{C9E30888-2D7F-45E2-995C-0DDA046590FF}.Release|x64.Build.0 = Release|Any CPU
		{C9E30888-2D7F-45E2-995C-0DDA046590FF}.Release|x86.ActiveCfg = Release|Any CPU
		{C9E30888-2D7F-45E2-995C-0DDA046590FF}.Release|x86.Build.0 = Release|Any CPU
	EndGlobalSection
EndGlobal
